// !$*UTF8*$!
{
	archiveVersion = 1;
	classes = {
	};
	objectVersion = 77;
	objects = {

/* Begin PBXContainerItemProxy section */
		72F8A0DB2DA556B0005B13A4 /* PBXContainerItemProxy */ = {
			isa = PBXContainerItemProxy;
			containerPortal = 72F8A0C22DA556B0005B13A4 /* Project object */;
			proxyType = 1;
			remoteGlobalIDString = 72F8A0C92DA556B0005B13A4;
			remoteInfo = MovieListing;
		};
		72F8A0E52DA556B0005B13A4 /* PBXContainerItemProxy */ = {
			isa = PBXContainerItemProxy;
			containerPortal = 72F8A0C22DA556B0005B13A4 /* Project object */;
			proxyType = 1;
			remoteGlobalIDString = 72F8A0C92DA556B0005B13A4;
			remoteInfo = MovieListing;
		};
/* End PBXContainerItemProxy section */

/* Begin PBXFileReference section */
		72F8A0CA2DA556B0005B13A4 /* MovieListing.app */ = {isa = PBXFileReference; explicitFileType = wrapper.application; includeInIndex = 0; path = MovieListing.app; sourceTree = BUILT_PRODUCTS_DIR; };
		72F8A0DA2DA556B0005B13A4 /* MovieListingTests.xctest */ = {isa = PBXFileReference; explicitFileType = wrapper.cfbundle; includeInIndex = 0; path = MovieListingTests.xctest; sourceTree = BUILT_PRODUCTS_DIR; };
		72F8A0E42DA556B0005B13A4 /* MovieListingUITests.xctest */ = {isa = PBXFileReference; explicitFileType = wrapper.cfbundle; includeInIndex = 0; path = MovieListingUITests.xctest; sourceTree = BUILT_PRODUCTS_DIR; };
/* End PBXFileReference section */

/* Begin PBXFileSystemSynchronizedBuildFileExceptionSet section */
		72F8A0FA2DA55778005B13A4 /* Exceptions for "MovieListing" folder in "MovieListingTests" target */ = {
			isa = PBXFileSystemSynchronizedBuildFileExceptionSet;
			membershipExceptions = (
				CommonView/ErrorView.swift,
				CommonView/LoadingView.swift,
				DetailView/CastView.swift,
				DetailView/DetailView.swift,
				DetailView/MovieDetailView.swift,
				Helper/ApiHelper.swift,
				Helper/JailbreakDetector.swift,
				Helper/NetworkMonitor.swift,
				ListView/MovieCardView.swift,
				ListView/MovieListView.swift,
				MockService/MockFailureApiService.swift,
				MockService/MockSuccessApiService.swift,
				MockService/MockURLSession.swift,
				Model/Movie.swift,
				Resource/MovieDetail.json,
				Resource/Top250movies.json,
				Service/MovieApiService.swift,
				ViewModel/MovieDetailsViewModel.swift,
				ViewModel/MovieViewModel.swift,
			);
			target = 72F8A0D92DA556B0005B13A4 /* MovieListingTests */;
		};
		72F8A1072DA55FEB005B13A4 /* Exceptions for "MovieListing" folder in "MovieListing" target */ = {
			isa = PBXFileSystemSynchronizedBuildFileExceptionSet;
			membershipExceptions = (
				Info.plist,
			);
			target = 72F8A0C92DA556B0005B13A4 /* MovieListing */;
		};
/* End PBXFileSystemSynchronizedBuildFileExceptionSet section */

/* Begin PBXFileSystemSynchronizedRootGroup section */
		72F8A0CC2DA556B0005B13A4 /* MovieListing */ = {
			isa = PBXFileSystemSynchronizedRootGroup;
			exceptions = (
				72F8A1072DA55FEB005B13A4 /* Exceptions for "MovieListing" folder in "MovieListing" target */,
				72F8A0FA2DA55778005B13A4 /* Exceptions for "MovieListing" folder in "MovieListingTests" target */,
			);
			path = MovieListing;
			sourceTree = "<group>";
		};
		72F8A0DD2DA556B0005B13A4 /* MovieListingTests */ = {
			isa = PBXFileSystemSynchronizedRootGroup;
			path = MovieListingTests;
			sourceTree = "<group>";
		};
		72F8A0E72DA556B0005B13A4 /* MovieListingUITests */ = {
			isa = PBXFileSystemSynchronizedRootGroup;
			path = MovieListingUITests;
			sourceTree = "<group>";
		};
/* End PBXFileSystemSynchronizedRootGroup section */

/* Begin PBXFrameworksBuildPhase section */
		72F8A0C72DA556B0005B13A4 /* Frameworks */ = {
			isa = PBXFrameworksBuildPhase;
			buildActionMask = 2147483647;
			files = (
			);
			runOnlyForDeploymentPostprocessing = 0;
		};
		72F8A0D72DA556B0005B13A4 /* Frameworks */ = {
			isa = PBXFrameworksBuildPhase;
			buildActionMask = 2147483647;
			files = (
			);
			runOnlyForDeploymentPostprocessing = 0;
		};
		72F8A0E12DA556B0005B13A4 /* Frameworks */ = {
			isa = PBXFrameworksBuildPhase;
			buildActionMask = 2147483647;
			files = (
			);
			runOnlyForDeploymentPostprocessing = 0;
		};
/* End PBXFrameworksBuildPhase section */

/* Begin PBXGroup section */
		72F8A0C12DA556B0005B13A4 = {
			isa = PBXGroup;
			children = (
				72F8A0CC2DA556B0005B13A4 /* MovieListing */,
				72F8A0DD2DA556B0005B13A4 /* MovieListingTests */,
				72F8A0E72DA556B0005B13A4 /* MovieListingUITests */,
				72F8A0CB2DA556B0005B13A4 /* Products */,
			);
			sourceTree = "<group>";
		};
		72F8A0CB2DA556B0005B13A4 /* Products */ = {
			isa = PBXGroup;
			children = (
				72F8A0CA2DA556B0005B13A4 /* MovieListing.app */,
				72F8A0DA2DA556B0005B13A4 /* MovieListingTests.xctest */,
				72F8A0E42DA556B0005B13A4 /* MovieListingUITests.xctest */,
			);
			name = Products;
			sourceTree = "<group>";
		};
/* End PBXGroup section */

/* Begin PBXNativeTarget section */
		72F8A0C92DA556B0005B13A4 /* MovieListing */ = {
			isa = PBXNativeTarget;
			buildConfigurationList = 72F8A0EE2DA556B0005B13A4 /* Build configuration list for PBXNativeTarget "MovieListing" */;
			buildPhases = (
				7269A0C82E27751E00C6F87C /* Run SwiftLint */,
				72F8A0C62DA556B0005B13A4 /* Sources */,
				72F8A0C72DA556B0005B13A4 /* Frameworks */,
				72F8A0C82DA556B0005B13A4 /* Resources */,
			);
			buildRules = (
			);
			dependencies = (
			);
			fileSystemSynchronizedGroups = (
				72F8A0CC2DA556B0005B13A4 /* MovieListing */,
			);
			name = MovieListing;
			packageProductDependencies = (
			);
			productName = MovieListing;
			productReference = 72F8A0CA2DA556B0005B13A4 /* MovieListing.app */;
			productType = "com.apple.product-type.application";
		};
		72F8A0D92DA556B0005B13A4 /* MovieListingTests */ = {
			isa = PBXNativeTarget;
			buildConfigurationList = 72F8A0F12DA556B0005B13A4 /* Build configuration list for PBXNativeTarget "MovieListingTests" */;
			buildPhases = (
				72F8A0D62DA556B0005B13A4 /* Sources */,
				72F8A0D72DA556B0005B13A4 /* Frameworks */,
				72F8A0D82DA556B0005B13A4 /* Resources */,
			);
			buildRules = (
			);
			dependencies = (
				72F8A0DC2DA556B0005B13A4 /* PBXTargetDependency */,
			);
			fileSystemSynchronizedGroups = (
				72F8A0DD2DA556B0005B13A4 /* MovieListingTests */,
			);
			name = MovieListingTests;
			packageProductDependencies = (
			);
			productName = MovieListingTests;
			productReference = 72F8A0DA2DA556B0005B13A4 /* MovieListingTests.xctest */;
			productType = "com.apple.product-type.bundle.unit-test";
		};
		72F8A0E32DA556B0005B13A4 /* MovieListingUITests */ = {
			isa = PBXNativeTarget;
			buildConfigurationList = 72F8A0F42DA556B0005B13A4 /* Build configuration list for PBXNativeTarget "MovieListingUITests" */;
			buildPhases = (
				72F8A0E02DA556B0005B13A4 /* Sources */,
				72F8A0E12DA556B0005B13A4 /* Frameworks */,
				72F8A0E22DA556B0005B13A4 /* Resources */,
			);
			buildRules = (
			);
			dependencies = (
				72F8A0E62DA556B0005B13A4 /* PBXTargetDependency */,
			);
			fileSystemSynchronizedGroups = (
				72F8A0E72DA556B0005B13A4 /* MovieListingUITests */,
			);
			name = MovieListingUITests;
			packageProductDependencies = (
			);
			productName = MovieListingUITests;
			productReference = 72F8A0E42DA556B0005B13A4 /* MovieListingUITests.xctest */;
			productType = "com.apple.product-type.bundle.ui-testing";
		};
/* End PBXNativeTarget section */

/* Begin PBXProject section */
		72F8A0C22DA556B0005B13A4 /* Project object */ = {
			isa = PBXProject;
			attributes = {
				BuildIndependentTargetsInParallel = 1;
				LastSwiftUpdateCheck = 1620;
				LastUpgradeCheck = 1620;
				TargetAttributes = {
					72F8A0C92DA556B0005B13A4 = {
						CreatedOnToolsVersion = 16.2;
					};
					72F8A0D92DA556B0005B13A4 = {
						CreatedOnToolsVersion = 16.2;
						TestTargetID = 72F8A0C92DA556B0005B13A4;
					};
					72F8A0E32DA556B0005B13A4 = {
						CreatedOnToolsVersion = 16.2;
						TestTargetID = 72F8A0C92DA556B0005B13A4;
					};
				};
			};
			buildConfigurationList = 72F8A0C52DA556B0005B13A4 /* Build configuration list for PBXProject "MovieListing" */;
			developmentRegion = en;
			hasScannedForEncodings = 0;
			knownRegions = (
				en,
				Base,
			);
			mainGroup = 72F8A0C12DA556B0005B13A4;
			minimizedProjectReferenceProxies = 1;
			packageReferences = (
				7269A0C72E276C5B00C6F87C /* XCRemoteSwiftPackageReference "SwiftLint" */,
			);
			preferredProjectObjectVersion = 77;
			productRefGroup = 72F8A0CB2DA556B0005B13A4 /* Products */;
			projectDirPath = "";
			projectRoot = "";
			targets = (
				72F8A0C92DA556B0005B13A4 /* MovieListing */,
				72F8A0D92DA556B0005B13A4 /* MovieListingTests */,
				72F8A0E32DA556B0005B13A4 /* MovieListingUITests */,
			);
		};
/* End PBXProject section */

/* Begin PBXResourcesBuildPhase section */
		72F8A0C82DA556B0005B13A4 /* Resources */ = {
			isa = PBXResourcesBuildPhase;
			buildActionMask = 2147483647;
			files = (
			);
			runOnlyForDeploymentPostprocessing = 0;
		};
		72F8A0D82DA556B0005B13A4 /* Resources */ = {
			isa = PBXResourcesBuildPhase;
			buildActionMask = 2147483647;
			files = (
			);
			runOnlyForDeploymentPostprocessing = 0;
		};
		72F8A0E22DA556B0005B13A4 /* Resources */ = {
			isa = PBXResourcesBuildPhase;
			buildActionMask = 2147483647;
			files = (
			);
			runOnlyForDeploymentPostprocessing = 0;
		};
/* End PBXResourcesBuildPhase section */

/* Begin PBXShellScriptBuildPhase section */
		7269A0C82E27751E00C6F87C /* Run SwiftLint */ = {
			isa = PBXShellScriptBuildPhase;
			buildActionMask = 2147483647;
			files = (
			);
			inputFileListPaths = (
			);
			inputPaths = (
			);
			name = "Run SwiftLint";
			outputFileListPaths = (
			);
			outputPaths = (
			);
			runOnlyForDeploymentPostprocessing = 0;
			shellPath = /bin/sh;
			shellScript = "# Type a script or drag a script file from your workspace to insert its path.\nif which swiftlint > /dev/null; then\n  swiftlint\nelse\n  echo \"warning: SwiftLint not installed. Visit https://github.com/realm/SwiftLint\"\nfi\n";
		};
/* End PBXShellScriptBuildPhase section */

/* Begin PBXSourcesBuildPhase section */
		72F8A0C62DA556B0005B13A4 /* Sources */ = {
			isa = PBXSourcesBuildPhase;
			buildActionMask = 2147483647;
			files = (
			);
			runOnlyForDeploymentPostprocessing = 0;
		};
		72F8A0D62DA556B0005B13A4 /* Sources */ = {
			isa = PBXSourcesBuildPhase;
			buildActionMask = 2147483647;
			files = (
			);
			runOnlyForDeploymentPostprocessing = 0;
		};
		72F8A0E02DA556B0005B13A4 /* Sources */ = {
			isa = PBXSourcesBuildPhase;
			buildActionMask = 2147483647;
			files = (
			);
			runOnlyForDeploymentPostprocessing = 0;
		};
/* End PBXSourcesBuildPhase section */

/* Begin PBXTargetDependency section */
		72F8A0DC2DA556B0005B13A4 /* PBXTargetDependency */ = {
			isa = PBXTargetDependency;
			target = 72F8A0C92DA556B0005B13A4 /* MovieListing */;
			targetProxy = 72F8A0DB2DA556B0005B13A4 /* PBXContainerItemProxy */;
		};
		72F8A0E62DA556B0005B13A4 /* PBXTargetDependency */ = {
			isa = PBXTargetDependency;
			target = 72F8A0C92DA556B0005B13A4 /* MovieListing */;
			targetProxy = 72F8A0E52DA556B0005B13A4 /* PBXContainerItemProxy */;
		};
/* End PBXTargetDependency section */

/* Begin XCBuildConfiguration section */
		72F8A0EC2DA556B0005B13A4 /* Debug */ = {
			isa = XCBuildConfiguration;
			buildSettings = {
				ALWAYS_SEARCH_USER_PATHS = NO;
				ASSETCATALOG_COMPILER_GENERATE_SWIFT_ASSET_SYMBOL_EXTENSIONS = YES;
				CLANG_ANALYZER_NONNULL = YES;
				CLANG_ANALYZER_NUMBER_OBJECT_CONVERSION = YES_AGGRESSIVE;
				CLANG_CXX_LANGUAGE_STANDARD = "gnu++20";
				CLANG_ENABLE_MODULES = YES;
				CLANG_ENABLE_OBJC_ARC = YES;
				CLANG_ENABLE_OBJC_WEAK = YES;
				CLANG_WARN_BLOCK_CAPTURE_AUTORELEASING = YES;
				CLANG_WARN_BOOL_CONVERSION = YES;
				CLANG_WARN_COMMA = YES;
				CLANG_WARN_CONSTANT_CONVERSION = YES;
				CLANG_WARN_DEPRECATED_OBJC_IMPLEMENTATIONS = YES;
				CLANG_WARN_DIRECT_OBJC_ISA_USAGE = YES_ERROR;
				CLANG_WARN_DOCUMENTATION_COMMENTS = YES;
				CLANG_WARN_EMPTY_BODY = YES;
				CLANG_WARN_ENUM_CONVERSION = YES;
				CLANG_WARN_INFINITE_RECURSION = YES;
				CLANG_WARN_INT_CONVERSION = YES;
				CLANG_WARN_NON_LITERAL_NULL_CONVERSION = YES;
				CLANG_WARN_OBJC_IMPLICIT_RETAIN_SELF = YES;
				CLANG_WARN_OBJC_LITERAL_CONVERSION = YES;
				CLANG_WARN_OBJC_ROOT_CLASS = YES_ERROR;
				CLANG_WARN_QUOTED_INCLUDE_IN_FRAMEWORK_HEADER = YES;
				CLANG_WARN_RANGE_LOOP_ANALYSIS = YES;
				CLANG_WARN_STRICT_PROTOTYPES = YES;
				CLANG_WARN_SUSPICIOUS_MOVE = YES;
				CLANG_WARN_UNGUARDED_AVAILABILITY = YES_AGGRESSIVE;
				CLANG_WARN_UNREACHABLE_CODE = YES;
				CLANG_WARN__DUPLICATE_METHOD_MATCH = YES;
				COPY_PHASE_STRIP = NO;
				DEBUG_INFORMATION_FORMAT = dwarf;
				ENABLE_STRICT_OBJC_MSGSEND = YES;
				ENABLE_TESTABILITY = YES;
				ENABLE_USER_SCRIPT_SANDBOXING = YES;
				GCC_C_LANGUAGE_STANDARD = gnu17;
				GCC_DYNAMIC_NO_PIC = NO;
				GCC_NO_COMMON_BLOCKS = YES;
				GCC_OPTIMIZATION_LEVEL = 0;
				GCC_PREPROCESSOR_DEFINITIONS = (
					"DEBUG=1",
					"$(inherited)",
				);
				GCC_WARN_64_TO_32_BIT_CONVERSION = YES;
				GCC_WARN_ABOUT_RETURN_TYPE = YES_ERROR;
				GCC_WARN_UNDECLARED_SELECTOR = YES;
				GCC_WARN_UNINITIALIZED_AUTOS = YES_AGGRESSIVE;
				GCC_WARN_UNUSED_FUNCTION = YES;
				GCC_WARN_UNUSED_VARIABLE = YES;
				IPHONEOS_DEPLOYMENT_TARGET = 18.2;
				LOCALIZATION_PREFERS_STRING_CATALOGS = YES;
				MTL_ENABLE_DEBUG_INFO = INCLUDE_SOURCE;
				MTL_FAST_MATH = YES;
				ONLY_ACTIVE_ARCH = YES;
				SDKROOT = iphoneos;
				SWIFT_ACTIVE_COMPILATION_CONDITIONS = "DEBUG $(inherited)";
				SWIFT_OPTIMIZATION_LEVEL = "-Onone";
			};
			name = Debug;
		};
		72F8A0ED2DA556B0005B13A4 /* Release */ = {
			isa = XCBuildConfiguration;
			buildSettings = {
				ALWAYS_SEARCH_USER_PATHS = NO;
				ASSETCATALOG_COMPILER_GENERATE_SWIFT_ASSET_SYMBOL_EXTENSIONS = YES;
				CLANG_ANALYZER_NONNULL = YES;
				CLANG_ANALYZER_NUMBER_OBJECT_CONVERSION = YES_AGGRESSIVE;
				CLANG_CXX_LANGUAGE_STANDARD = "gnu++20";
				CLANG_ENABLE_MODULES = YES;
				CLANG_ENABLE_OBJC_ARC = YES;
				CLANG_ENABLE_OBJC_WEAK = YES;
				CLANG_WARN_BLOCK_CAPTURE_AUTORELEASING = YES;
				CLANG_WARN_BOOL_CONVERSION = YES;
				CLANG_WARN_COMMA = YES;
				CLANG_WARN_CONSTANT_CONVERSION = YES;
				CLANG_WARN_DEPRECATED_OBJC_IMPLEMENTATIONS = YES;
				CLANG_WARN_DIRECT_OBJC_ISA_USAGE = YES_ERROR;
				CLANG_WARN_DOCUMENTATION_COMMENTS = YES;
				CLANG_WARN_EMPTY_BODY = YES;
				CLANG_WARN_ENUM_CONVERSION = YES;
				CLANG_WARN_INFINITE_RECURSION = YES;
				CLANG_WARN_INT_CONVERSION = YES;
				CLANG_WARN_NON_LITERAL_NULL_CONVERSION = YES;
				CLANG_WARN_OBJC_IMPLICIT_RETAIN_SELF = YES;
				CLANG_WARN_OBJC_LITERAL_CONVERSION = YES;
				CLANG_WARN_OBJC_ROOT_CLASS = YES_ERROR;
				CLANG_WARN_QUOTED_INCLUDE_IN_FRAMEWORK_HEADER = YES;
				CLANG_WARN_RANGE_LOOP_ANALYSIS = YES;
				CLANG_WARN_STRICT_PROTOTYPES = YES;
				CLANG_WARN_SUSPICIOUS_MOVE = YES;
				CLANG_WARN_UNGUARDED_AVAILABILITY = YES_AGGRESSIVE;
				CLANG_WARN_UNREACHABLE_CODE = YES;
				CLANG_WARN__DUPLICATE_METHOD_MATCH = YES;
				COPY_PHASE_STRIP = NO;
				DEBUG_INFORMATION_FORMAT = "dwarf-with-dsym";
				ENABLE_NS_ASSERTIONS = NO;
				ENABLE_STRICT_OBJC_MSGSEND = YES;
				ENABLE_USER_SCRIPT_SANDBOXING = YES;
				GCC_C_LANGUAGE_STANDARD = gnu17;
				GCC_NO_COMMON_BLOCKS = YES;
				GCC_WARN_64_TO_32_BIT_CONVERSION = YES;
				GCC_WARN_ABOUT_RETURN_TYPE = YES_ERROR;
				GCC_WARN_UNDECLARED_SELECTOR = YES;
				GCC_WARN_UNINITIALIZED_AUTOS = YES_AGGRESSIVE;
				GCC_WARN_UNUSED_FUNCTION = YES;
				GCC_WARN_UNUSED_VARIABLE = YES;
				IPHONEOS_DEPLOYMENT_TARGET = 18.2;
				LOCALIZATION_PREFERS_STRING_CATALOGS = YES;
				MTL_ENABLE_DEBUG_INFO = NO;
				MTL_FAST_MATH = YES;
				SDKROOT = iphoneos;
				SWIFT_COMPILATION_MODE = wholemodule;
				VALIDATE_PRODUCT = YES;
			};
			name = Release;
		};
		72F8A0EF2DA556B0005B13A4 /* Debug */ = {
			isa = XCBuildConfiguration;
			buildSettings = {
				ASSETCATALOG_COMPILER_APPICON_NAME = AppIcon;
				ASSETCATALOG_COMPILER_GLOBAL_ACCENT_COLOR_NAME = AccentColor;
				CODE_SIGN_STYLE = Automatic;
				CURRENT_PROJECT_VERSION = 1;
				DEVELOPMENT_ASSET_PATHS = "\"MovieListing/Preview Content\"";
				ENABLE_PREVIEWS = YES;
				GENERATE_INFOPLIST_FILE = YES;
				INFOPLIST_FILE = MovieListing/Info.plist;
				INFOPLIST_KEY_UIApplicationSceneManifest_Generation = YES;
				INFOPLIST_KEY_UIApplicationSupportsIndirectInputEvents = YES;
				INFOPLIST_KEY_UILaunchScreen_Generation = YES;
				INFOPLIST_KEY_UISupportedInterfaceOrientations_iPhone = "UIInterfaceOrientationPortrait UIInterfaceOrientationLandscapeLeft UIInterfaceOrientationLandscapeRight";
				LD_RUNPATH_SEARCH_PATHS = (
					"$(inherited)",
					"@executable_path/Frameworks",
				);
				MARKETING_VERSION = 1.0;
				PRODUCT_BUNDLE_IDENTIFIER = com.ezhil.MovieListing;
				PRODUCT_NAME = "$(TARGET_NAME)";
				SWIFT_EMIT_LOC_STRINGS = YES;
				SWIFT_VERSION = 5.0;
				TARGETED_DEVICE_FAMILY = "1,2";
			};
			name = Debug;
		};
		72F8A0F02DA556B0005B13A4 /* Release */ = {
			isa = XCBuildConfiguration;
			buildSettings = {
				ASSETCATALOG_COMPILER_APPICON_NAME = AppIcon;
				ASSETCATALOG_COMPILER_GLOBAL_ACCENT_COLOR_NAME = AccentColor;
				CODE_SIGN_STYLE = Automatic;
				CURRENT_PROJECT_VERSION = 1;
				DEVELOPMENT_ASSET_PATHS = "\"MovieListing/Preview Content\"";
				ENABLE_PREVIEWS = YES;
				GENERATE_INFOPLIST_FILE = YES;
				INFOPLIST_FILE = MovieListing/Info.plist;
				INFOPLIST_KEY_UIApplicationSceneManifest_Generation = YES;
				INFOPLIST_KEY_UIApplicationSupportsIndirectInputEvents = YES;
				INFOPLIST_KEY_UILaunchScreen_Generation = YES;
				INFOPLIST_KEY_UISupportedInterfaceOrientations_iPhone = "UIInterfaceOrientationPortrait UIInterfaceOrientationLandscapeLeft UIInterfaceOrientationLandscapeRight";
				LD_RUNPATH_SEARCH_PATHS = (
					"$(inherited)",
					"@executable_path/Frameworks",
				);
				MARKETING_VERSION = 1.0;
				PRODUCT_BUNDLE_IDENTIFIER = com.ezhil.MovieListing;
				PRODUCT_NAME = "$(TARGET_NAME)";
				SWIFT_EMIT_LOC_STRINGS = YES;
				SWIFT_VERSION = 5.0;
				TARGETED_DEVICE_FAMILY = "1,2";
			};
			name = Release;
		};
		72F8A0F22DA556B0005B13A4 /* Debug */ = {
			isa = XCBuildConfiguration;
			buildSettings = {
				BUNDLE_LOADER = "$(TEST_HOST)";
				CODE_SIGN_STYLE = Automatic;
				CURRENT_PROJECT_VERSION = 1;
				GENERATE_INFOPLIST_FILE = YES;
				IPHONEOS_DEPLOYMENT_TARGET = 18.2;
				MARKETING_VERSION = 1.0;
				PRODUCT_BUNDLE_IDENTIFIER = com.ezhil.MovieListingTests;
				PRODUCT_NAME = "$(TARGET_NAME)";
				SWIFT_EMIT_LOC_STRINGS = NO;
				SWIFT_VERSION = 5.0;
				TARGETED_DEVICE_FAMILY = "1,2";
				TEST_HOST = "$(BUILT_PRODUCTS_DIR)/MovieListing.app/$(BUNDLE_EXECUTABLE_FOLDER_PATH)/MovieListing";
			};
			name = Debug;
		};
		72F8A0F32DA556B0005B13A4 /* Release */ = {
			isa = XCBuildConfiguration;
			buildSettings = {
				BUNDLE_LOADER = "$(TEST_HOST)";
				CODE_SIGN_STYLE = Automatic;
				CURRENT_PROJECT_VERSION = 1;
				GENERATE_INFOPLIST_FILE = YES;
				IPHONEOS_DEPLOYMENT_TARGET = 18.2;
				MARKETING_VERSION = 1.0;
				PRODUCT_BUNDLE_IDENTIFIER = com.ezhil.MovieListingTests;
				PRODUCT_NAME = "$(TARGET_NAME)";
				SWIFT_EMIT_LOC_STRINGS = NO;
				SWIFT_VERSION = 5.0;
				TARGETED_DEVICE_FAMILY = "1,2";
				TEST_HOST = "$(BUILT_PRODUCTS_DIR)/MovieListing.app/$(BUNDLE_EXECUTABLE_FOLDER_PATH)/MovieListing";
			};
			name = Release;
		};
		72F8A0F52DA556B0005B13A4 /* Debug */ = {
			isa = XCBuildConfiguration;
			buildSettings = {
				CODE_SIGN_STYLE = Automatic;
				CURRENT_PROJECT_VERSION = 1;
				GENERATE_INFOPLIST_FILE = YES;
				MARKETING_VERSION = 1.0;
				PRODUCT_BUNDLE_IDENTIFIER = com.ezhil.MovieListingUITests;
				PRODUCT_NAME = "$(TARGET_NAME)";
				SWIFT_EMIT_LOC_STRINGS = NO;
				SWIFT_VERSION = 5.0;
				TARGETED_DEVICE_FAMILY = "1,2";
				TEST_TARGET_NAME = MovieListing;
			};
			name = Debug;
		};
		72F8A0F62DA556B0005B13A4 /* Release */ = {
			isa = XCBuildConfiguration;
			buildSettings = {
				CODE_SIGN_STYLE = Automatic;
				CURRENT_PROJECT_VERSION = 1;
				GENERATE_INFOPLIST_FILE = YES;
				MARKETING_VERSION = 1.0;
				PRODUCT_BUNDLE_IDENTIFIER = com.ezhil.MovieListingUITests;
				PRODUCT_NAME = "$(TARGET_NAME)";
				SWIFT_EMIT_LOC_STRINGS = NO;
				SWIFT_VERSION = 5.0;
				TARGETED_DEVICE_FAMILY = "1,2";
				TEST_TARGET_NAME = MovieListing;
			};
			name = Release;
		};
/* End XCBuildConfiguration section */

/* Begin XCConfigurationList section */
		72F8A0C52DA556B0005B13A4 /* Build configuration list for PBXProject "MovieListing" */ = {
			isa = XCConfigurationList;
			buildConfigurations = (
				72F8A0EC2DA556B0005B13A4 /* Debug */,
				72F8A0ED2DA556B0005B13A4 /* Release */,
			);
			defaultConfigurationIsVisible = 0;
			defaultConfigurationName = Release;
		};
		72F8A0EE2DA556B0005B13A4 /* Build configuration list for PBXNativeTarget "MovieListing" */ = {
			isa = XCConfigurationList;
			buildConfigurations = (
				72F8A0EF2DA556B0005B13A4 /* Debug */,
				72F8A0F02DA556B0005B13A4 /* Release */,
			);
			defaultConfigurationIsVisible = 0;
			defaultConfigurationName = Release;
		};
		72F8A0F12DA556B0005B13A4 /* Build configuration list for PBXNativeTarget "MovieListingTests" */ = {
			isa = XCConfigurationList;
			buildConfigurations = (
				72F8A0F22DA556B0005B13A4 /* Debug */,
				72F8A0F32DA556B0005B13A4 /* Release */,
			);
			defaultConfigurationIsVisible = 0;
			defaultConfigurationName = Release;
		};
		72F8A0F42DA556B0005B13A4 /* Build configuration list for PBXNativeTarget "MovieListingUITests" */ = {
			isa = XCConfigurationList;
			buildConfigurations = (
				72F8A0F52DA556B0005B13A4 /* Debug */,
				72F8A0F62DA556B0005B13A4 /* Release */,
			);
			defaultConfigurationIsVisible = 0;
			defaultConfigurationName = Release;
		};
/* End XCConfigurationList section */

/* Begin XCRemoteSwiftPackageReference section */
		7269A0C72E276C5B00C6F87C /* XCRemoteSwiftPackageReference "SwiftLint" */ = {
			isa = XCRemoteSwiftPackageReference;
			repositoryURL = "https://github.com/realm/SwiftLint";
			requirement = {
				kind = upToNextMajorVersion;
				minimumVersion = 0.59.1;
			};
		};
/* End XCRemoteSwiftPackageReference section */
	};
	rootObject = 72F8A0C22DA556B0005B13A4 /* Project object */;
}
